// !$*UTF8*$!
{
	archiveVersion = 1;
	classes = {
	};
	objectVersion = 55;
	objects = {

/* Begin PBXBuildFile section */
		23271DA028999ED0003A3266 /* MakeNoiseApp.swift in Sources */ = {isa = PBXBuildFile; fileRef = 23271D9F28999ED0003A3266 /* MakeNoiseApp.swift */; };
		23271DA228999ED0003A3266 /* ContentView.swift in Sources */ = {isa = PBXBuildFile; fileRef = 23271DA128999ED0003A3266 /* ContentView.swift */; };
		23271DA428999ED7003A3266 /* Assets.xcassets in Resources */ = {isa = PBXBuildFile; fileRef = 23271DA328999ED7003A3266 /* Assets.xcassets */; };
		23271DA728999ED7003A3266 /* Preview Assets.xcassets in Resources */ = {isa = PBXBuildFile; fileRef = 23271DA628999ED7003A3266 /* Preview Assets.xcassets */; };
		23271DAE2899A00C003A3266 /* Model.swift in Sources */ = {isa = PBXBuildFile; fileRef = 23271DAD2899A00C003A3266 /* Model.swift */; };
		23271DB22899A3C3003A3266 /* CircleSoundView.swift in Sources */ = {isa = PBXBuildFile; fileRef = 23271DB12899A3C3003A3266 /* CircleSoundView.swift */; };
		23271DB52899B5C1003A3266 /* BarkingDog.mp3 in Resources */ = {isa = PBXBuildFile; fileRef = 23271DB42899B5C1003A3266 /* BarkingDog.mp3 */; };
		23271DB72899B87F003A3266 /* SoundMaker.swift in Sources */ = {isa = PBXBuildFile; fileRef = 23271DB62899B87F003A3266 /* SoundMaker.swift */; };
		23271DB9289C712E003A3266 /* Icq.mp3 in Resources */ = {isa = PBXBuildFile; fileRef = 23271DB8289C712E003A3266 /* Icq.mp3 */; };
		23271DBB289C7133003A3266 /* Cat.mp3 in Resources */ = {isa = PBXBuildFile; fileRef = 23271DBA289C7133003A3266 /* Cat.mp3 */; };
		23271DBD289C7CF4003A3266 /* DataManager.swift in Sources */ = {isa = PBXBuildFile; fileRef = 23271DBC289C7CF4003A3266 /* DataManager.swift */; };
		23271DC328A59044003A3266 /* CustomButton2.swift in Sources */ = {isa = PBXBuildFile; fileRef = 23271DC228A59043003A3266 /* CustomButton2.swift */; };
		23271DC728B138BA003A3266 /* ButtonView.swift in Sources */ = {isa = PBXBuildFile; fileRef = 23271DC628B138BA003A3266 /* ButtonView.swift */; };
		23271E6D28B84015003A3266 /* automaticRiffle.mp3 in Resources */ = {isa = PBXBuildFile; fileRef = 23271E6928B84014003A3266 /* automaticRiffle.mp3 */; };
		23271E6E28B84015003A3266 /* carAlarm.mp3 in Resources */ = {isa = PBXBuildFile; fileRef = 23271E6A28B84014003A3266 /* carAlarm.mp3 */; };
		23271E6F28B84015003A3266 /* bee.mp3 in Resources */ = {isa = PBXBuildFile; fileRef = 23271E6B28B84014003A3266 /* bee.mp3 */; };
		23271E7028B84015003A3266 /* carEngine.mp3 in Resources */ = {isa = PBXBuildFile; fileRef = 23271E6C28B84014003A3266 /* carEngine.mp3 */; };
		23271E7328B8401E003A3266 /* grinderTool.mp3 in Resources */ = {isa = PBXBuildFile; fileRef = 23271E7128B8401E003A3266 /* grinderTool.mp3 */; };
		23271E7428B8401E003A3266 /* gun.mp3 in Resources */ = {isa = PBXBuildFile; fileRef = 23271E7228B8401E003A3266 /* gun.mp3 */; };
		23271E7C28B8402A003A3266 /* police2.mp3 in Resources */ = {isa = PBXBuildFile; fileRef = 23271E7528B84029003A3266 /* police2.mp3 */; };
		23271E7D28B8402A003A3266 /* jet.mp3 in Resources */ = {isa = PBXBuildFile; fileRef = 23271E7628B8402A003A3266 /* jet.mp3 */; };
		23271E7E28B8402A003A3266 /* thunder.mp3 in Resources */ = {isa = PBXBuildFile; fileRef = 23271E7728B8402A003A3266 /* thunder.mp3 */; };
		23271E7F28B8402A003A3266 /* train.mp3 in Resources */ = {isa = PBXBuildFile; fileRef = 23271E7828B8402A003A3266 /* train.mp3 */; };
		23271E8028B8402A003A3266 /* mosquitoSqueak.mp3 in Resources */ = {isa = PBXBuildFile; fileRef = 23271E7928B8402A003A3266 /* mosquitoSqueak.mp3 */; };
		23271E8128B8402A003A3266 /* train2.mp3 in Resources */ = {isa = PBXBuildFile; fileRef = 23271E7A28B8402A003A3266 /* train2.mp3 */; };
		23271E8228B8402A003A3266 /* police.mp3 in Resources */ = {isa = PBXBuildFile; fileRef = 23271E7B28B8402A003A3266 /* police.mp3 */; };
		23271E9328B9954B003A3266 /* SwitchView.swift in Sources */ = {isa = PBXBuildFile; fileRef = 23271E9228B9954B003A3266 /* SwitchView.swift */; };
/* End PBXBuildFile section */

/* Begin PBXFileReference section */
		23271D9C28999ED0003A3266 /* MakeNoise.app */ = {isa = PBXFileReference; explicitFileType = wrapper.application; includeInIndex = 0; path = MakeNoise.app; sourceTree = BUILT_PRODUCTS_DIR; };
		23271D9F28999ED0003A3266 /* MakeNoiseApp.swift */ = {isa = PBXFileReference; lastKnownFileType = sourcecode.swift; path = MakeNoiseApp.swift; sourceTree = "<group>"; };
		23271DA128999ED0003A3266 /* ContentView.swift */ = {isa = PBXFileReference; lastKnownFileType = sourcecode.swift; path = ContentView.swift; sourceTree = "<group>"; };
		23271DA328999ED7003A3266 /* Assets.xcassets */ = {isa = PBXFileReference; lastKnownFileType = folder.assetcatalog; path = Assets.xcassets; sourceTree = "<group>"; };
		23271DA628999ED7003A3266 /* Preview Assets.xcassets */ = {isa = PBXFileReference; lastKnownFileType = folder.assetcatalog; path = "Preview Assets.xcassets"; sourceTree = "<group>"; };
		23271DAD2899A00C003A3266 /* Model.swift */ = {isa = PBXFileReference; lastKnownFileType = sourcecode.swift; path = Model.swift; sourceTree = "<group>"; };
		23271DB12899A3C3003A3266 /* CircleSoundView.swift */ = {isa = PBXFileReference; lastKnownFileType = sourcecode.swift; path = CircleSoundView.swift; sourceTree = "<group>"; };
		23271DB42899B5C1003A3266 /* BarkingDog.mp3 */ = {isa = PBXFileReference; lastKnownFileType = audio.mp3; path = BarkingDog.mp3; sourceTree = SOURCE_ROOT; };
		23271DB62899B87F003A3266 /* SoundMaker.swift */ = {isa = PBXFileReference; lastKnownFileType = sourcecode.swift; path = SoundMaker.swift; sourceTree = "<group>"; };
		23271DB8289C712E003A3266 /* Icq.mp3 */ = {isa = PBXFileReference; lastKnownFileType = audio.mp3; path = Icq.mp3; sourceTree = "<group>"; };
		23271DBA289C7133003A3266 /* Cat.mp3 */ = {isa = PBXFileReference; lastKnownFileType = audio.mp3; path = Cat.mp3; sourceTree = "<group>"; };
		23271DBC289C7CF4003A3266 /* DataManager.swift */ = {isa = PBXFileReference; lastKnownFileType = sourcecode.swift; path = DataManager.swift; sourceTree = "<group>"; };
		23271DC228A59043003A3266 /* CustomButton2.swift */ = {isa = PBXFileReference; lastKnownFileType = sourcecode.swift; path = CustomButton2.swift; sourceTree = "<group>"; };
		23271DC628B138BA003A3266 /* ButtonView.swift */ = {isa = PBXFileReference; lastKnownFileType = sourcecode.swift; path = ButtonView.swift; sourceTree = "<group>"; };
		23271E6928B84014003A3266 /* automaticRiffle.mp3 */ = {isa = PBXFileReference; lastKnownFileType = audio.mp3; path = automaticRiffle.mp3; sourceTree = "<group>"; };
		23271E6A28B84014003A3266 /* carAlarm.mp3 */ = {isa = PBXFileReference; lastKnownFileType = audio.mp3; path = carAlarm.mp3; sourceTree = "<group>"; };
		23271E6B28B84014003A3266 /* bee.mp3 */ = {isa = PBXFileReference; lastKnownFileType = audio.mp3; path = bee.mp3; sourceTree = "<group>"; };
		23271E6C28B84014003A3266 /* carEngine.mp3 */ = {isa = PBXFileReference; lastKnownFileType = audio.mp3; path = carEngine.mp3; sourceTree = "<group>"; };
		23271E7128B8401E003A3266 /* grinderTool.mp3 */ = {isa = PBXFileReference; lastKnownFileType = audio.mp3; path = grinderTool.mp3; sourceTree = "<group>"; };
		23271E7228B8401E003A3266 /* gun.mp3 */ = {isa = PBXFileReference; lastKnownFileType = audio.mp3; path = gun.mp3; sourceTree = "<group>"; };
		23271E7528B84029003A3266 /* police2.mp3 */ = {isa = PBXFileReference; lastKnownFileType = audio.mp3; path = police2.mp3; sourceTree = "<group>"; };
		23271E7628B8402A003A3266 /* jet.mp3 */ = {isa = PBXFileReference; lastKnownFileType = audio.mp3; path = jet.mp3; sourceTree = "<group>"; };
		23271E7728B8402A003A3266 /* thunder.mp3 */ = {isa = PBXFileReference; lastKnownFileType = audio.mp3; path = thunder.mp3; sourceTree = "<group>"; };
		23271E7828B8402A003A3266 /* train.mp3 */ = {isa = PBXFileReference; lastKnownFileType = audio.mp3; path = train.mp3; sourceTree = "<group>"; };
		23271E7928B8402A003A3266 /* mosquitoSqueak.mp3 */ = {isa = PBXFileReference; lastKnownFileType = audio.mp3; path = mosquitoSqueak.mp3; sourceTree = "<group>"; };
		23271E7A28B8402A003A3266 /* train2.mp3 */ = {isa = PBXFileReference; lastKnownFileType = audio.mp3; path = train2.mp3; sourceTree = "<group>"; };
		23271E7B28B8402A003A3266 /* police.mp3 */ = {isa = PBXFileReference; lastKnownFileType = audio.mp3; path = police.mp3; sourceTree = "<group>"; };
		23271E9228B9954B003A3266 /* SwitchView.swift */ = {isa = PBXFileReference; lastKnownFileType = sourcecode.swift; path = SwitchView.swift; sourceTree = "<group>"; };
/* End PBXFileReference section */

/* Begin PBXFrameworksBuildPhase section */
		23271D9928999ED0003A3266 /* Frameworks */ = {
			isa = PBXFrameworksBuildPhase;
			buildActionMask = 2147483647;
			files = (
			);
			runOnlyForDeploymentPostprocessing = 0;
		};
/* End PBXFrameworksBuildPhase section */

/* Begin PBXGroup section */
		23271D9328999ECF003A3266 = {
			isa = PBXGroup;
			children = (
				23271D9E28999ED0003A3266 /* MakeNoise */,
				23271D9D28999ED0003A3266 /* Products */,
			);
			sourceTree = "<group>";
		};
		23271D9D28999ED0003A3266 /* Products */ = {
			isa = PBXGroup;
			children = (
				23271D9C28999ED0003A3266 /* MakeNoise.app */,
			);
			name = Products;
			sourceTree = "<group>";
		};
		23271D9E28999ED0003A3266 /* MakeNoise */ = {
			isa = PBXGroup;
			children = (
				23271D9F28999ED0003A3266 /* MakeNoiseApp.swift */,
				23271DA128999ED0003A3266 /* ContentView.swift */,
				23271DB12899A3C3003A3266 /* CircleSoundView.swift */,
				23271DC228A59043003A3266 /* CustomButton2.swift */,
				23271E9228B9954B003A3266 /* SwitchView.swift */,
				23271DC628B138BA003A3266 /* ButtonView.swift */,
				23271DB62899B87F003A3266 /* SoundMaker.swift */,
				23271DBE28A06D45003A3266 /* Model */,
				23271DBF28A06D54003A3266 /* DataManager */,
				23271DA328999ED7003A3266 /* Assets.xcassets */,
				23271DA528999ED7003A3266 /* Preview Content */,
				23271DB32899B579003A3266 /* Media */,
			);
			path = MakeNoise;
			sourceTree = "<group>";
		};
		23271DA528999ED7003A3266 /* Preview Content */ = {
			isa = PBXGroup;
			children = (
				23271DA628999ED7003A3266 /* Preview Assets.xcassets */,
			);
			path = "Preview Content";
			sourceTree = "<group>";
		};
		23271DB32899B579003A3266 /* Media */ = {
			isa = PBXGroup;
			children = (
				23271E7628B8402A003A3266 /* jet.mp3 */,
				23271E7928B8402A003A3266 /* mosquitoSqueak.mp3 */,
				23271E7B28B8402A003A3266 /* police.mp3 */,
				23271E7528B84029003A3266 /* police2.mp3 */,
				23271E7728B8402A003A3266 /* thunder.mp3 */,
				23271E7828B8402A003A3266 /* train.mp3 */,
				23271E7A28B8402A003A3266 /* train2.mp3 */,
				23271E7128B8401E003A3266 /* grinderTool.mp3 */,
				23271E7228B8401E003A3266 /* gun.mp3 */,
				23271E6928B84014003A3266 /* automaticRiffle.mp3 */,
				23271E6B28B84014003A3266 /* bee.mp3 */,
				23271E6A28B84014003A3266 /* carAlarm.mp3 */,
				23271E6C28B84014003A3266 /* carEngine.mp3 */,
				23271DBA289C7133003A3266 /* Cat.mp3 */,
				23271DB8289C712E003A3266 /* Icq.mp3 */,
				23271DB42899B5C1003A3266 /* BarkingDog.mp3 */,
			);
			path = Media;
			sourceTree = "<group>";
		};
		23271DBE28A06D45003A3266 /* Model */ = {
			isa = PBXGroup;
			children = (
				23271DAD2899A00C003A3266 /* Model.swift */,
			);
			path = Model;
			sourceTree = "<group>";
		};
		23271DBF28A06D54003A3266 /* DataManager */ = {
			isa = PBXGroup;
			children = (
				23271DBC289C7CF4003A3266 /* DataManager.swift */,
			);
			path = DataManager;
			sourceTree = "<group>";
		};
/* End PBXGroup section */

/* Begin PBXNativeTarget section */
		23271D9B28999ED0003A3266 /* MakeNoise */ = {
			isa = PBXNativeTarget;
			buildConfigurationList = 23271DAA28999ED7003A3266 /* Build configuration list for PBXNativeTarget "MakeNoise" */;
			buildPhases = (
				23271D9828999ED0003A3266 /* Sources */,
				23271D9928999ED0003A3266 /* Frameworks */,
				23271D9A28999ED0003A3266 /* Resources */,
			);
			buildRules = (
			);
			dependencies = (
			);
			name = MakeNoise;
			productName = MakeNoise;
			productReference = 23271D9C28999ED0003A3266 /* MakeNoise.app */;
			productType = "com.apple.product-type.application";
		};
/* End PBXNativeTarget section */

/* Begin PBXProject section */
		23271D9428999ED0003A3266 /* Project object */ = {
			isa = PBXProject;
			attributes = {
				BuildIndependentTargetsInParallel = 1;
				LastSwiftUpdateCheck = 1340;
				LastUpgradeCheck = 1340;
				TargetAttributes = {
					23271D9B28999ED0003A3266 = {
						CreatedOnToolsVersion = 13.4.1;
					};
				};
			};
			buildConfigurationList = 23271D9728999ED0003A3266 /* Build configuration list for PBXProject "MakeNoise" */;
			compatibilityVersion = "Xcode 13.0";
			developmentRegion = en;
			hasScannedForEncodings = 0;
			knownRegions = (
				en,
				Base,
			);
			mainGroup = 23271D9328999ECF003A3266;
			productRefGroup = 23271D9D28999ED0003A3266 /* Products */;
			projectDirPath = "";
			projectRoot = "";
			targets = (
				23271D9B28999ED0003A3266 /* MakeNoise */,
			);
		};
/* End PBXProject section */

/* Begin PBXResourcesBuildPhase section */
		23271D9A28999ED0003A3266 /* Resources */ = {
			isa = PBXResourcesBuildPhase;
			buildActionMask = 2147483647;
			files = (
				23271E7328B8401E003A3266 /* grinderTool.mp3 in Resources */,
				23271E8128B8402A003A3266 /* train2.mp3 in Resources */,
				23271E7E28B8402A003A3266 /* thunder.mp3 in Resources */,
				23271E7028B84015003A3266 /* carEngine.mp3 in Resources */,
				23271E6D28B84015003A3266 /* automaticRiffle.mp3 in Resources */,
				23271E7428B8401E003A3266 /* gun.mp3 in Resources */,
				23271E6F28B84015003A3266 /* bee.mp3 in Resources */,
				23271DA728999ED7003A3266 /* Preview Assets.xcassets in Resources */,
				23271DB52899B5C1003A3266 /* BarkingDog.mp3 in Resources */,
				23271E7C28B8402A003A3266 /* police2.mp3 in Resources */,
				23271DB9289C712E003A3266 /* Icq.mp3 in Resources */,
				23271E6E28B84015003A3266 /* carAlarm.mp3 in Resources */,
				23271E8028B8402A003A3266 /* mosquitoSqueak.mp3 in Resources */,
				23271E7F28B8402A003A3266 /* train.mp3 in Resources */,
				23271E8228B8402A003A3266 /* police.mp3 in Resources */,
				23271E7D28B8402A003A3266 /* jet.mp3 in Resources */,
				23271DBB289C7133003A3266 /* Cat.mp3 in Resources */,
				23271DA428999ED7003A3266 /* Assets.xcassets in Resources */,
			);
			runOnlyForDeploymentPostprocessing = 0;
		};
/* End PBXResourcesBuildPhase section */

/* Begin PBXSourcesBuildPhase section */
		23271D9828999ED0003A3266 /* Sources */ = {
			isa = PBXSourcesBuildPhase;
			buildActionMask = 2147483647;
			files = (
				23271DB72899B87F003A3266 /* SoundMaker.swift in Sources */,
				23271DAE2899A00C003A3266 /* Model.swift in Sources */,
				23271DC728B138BA003A3266 /* ButtonView.swift in Sources */,
				23271DBD289C7CF4003A3266 /* DataManager.swift in Sources */,
				23271DA228999ED0003A3266 /* ContentView.swift in Sources */,
				23271DB22899A3C3003A3266 /* CircleSoundView.swift in Sources */,
				23271DA028999ED0003A3266 /* MakeNoiseApp.swift in Sources */,
				23271DC328A59044003A3266 /* CustomButton2.swift in Sources */,
				23271E9328B9954B003A3266 /* SwitchView.swift in Sources */,
			);
			runOnlyForDeploymentPostprocessing = 0;
		};
/* End PBXSourcesBuildPhase section */

/* Begin XCBuildConfiguration section */
		23271DA828999ED7003A3266 /* Debug */ = {
			isa = XCBuildConfiguration;
			buildSettings = {
				ALWAYS_SEARCH_USER_PATHS = NO;
				CLANG_ANALYZER_NONNULL = YES;
				CLANG_ANALYZER_NUMBER_OBJECT_CONVERSION = YES_AGGRESSIVE;
				CLANG_CXX_LANGUAGE_STANDARD = "gnu++17";
				CLANG_ENABLE_MODULES = YES;
				CLANG_ENABLE_OBJC_ARC = YES;
				CLANG_ENABLE_OBJC_WEAK = YES;
				CLANG_WARN_BLOCK_CAPTURE_AUTORELEASING = YES;
				CLANG_WARN_BOOL_CONVERSION = YES;
				CLANG_WARN_COMMA = YES;
				CLANG_WARN_CONSTANT_CONVERSION = YES;
				CLANG_WARN_DEPRECATED_OBJC_IMPLEMENTATIONS = YES;
				CLANG_WARN_DIRECT_OBJC_ISA_USAGE = YES_ERROR;
				CLANG_WARN_DOCUMENTATION_COMMENTS = YES;
				CLANG_WARN_EMPTY_BODY = YES;
				CLANG_WARN_ENUM_CONVERSION = YES;
				CLANG_WARN_INFINITE_RECURSION = YES;
				CLANG_WARN_INT_CONVERSION = YES;
				CLANG_WARN_NON_LITERAL_NULL_CONVERSION = YES;
				CLANG_WARN_OBJC_IMPLICIT_RETAIN_SELF = YES;
				CLANG_WARN_OBJC_LITERAL_CONVERSION = YES;
				CLANG_WARN_OBJC_ROOT_CLASS = YES_ERROR;
				CLANG_WARN_QUOTED_INCLUDE_IN_FRAMEWORK_HEADER = YES;
				CLANG_WARN_RANGE_LOOP_ANALYSIS = YES;
				CLANG_WARN_STRICT_PROTOTYPES = YES;
				CLANG_WARN_SUSPICIOUS_MOVE = YES;
				CLANG_WARN_UNGUARDED_AVAILABILITY = YES_AGGRESSIVE;
				CLANG_WARN_UNREACHABLE_CODE = YES;
				CLANG_WARN__DUPLICATE_METHOD_MATCH = YES;
				COPY_PHASE_STRIP = NO;
				DEBUG_INFORMATION_FORMAT = dwarf;
				ENABLE_STRICT_OBJC_MSGSEND = YES;
				ENABLE_TESTABILITY = YES;
				GCC_C_LANGUAGE_STANDARD = gnu11;
				GCC_DYNAMIC_NO_PIC = NO;
				GCC_NO_COMMON_BLOCKS = YES;
				GCC_OPTIMIZATION_LEVEL = 0;
				GCC_PREPROCESSOR_DEFINITIONS = (
					"DEBUG=1",
					"$(inherited)",
				);
				GCC_WARN_64_TO_32_BIT_CONVERSION = YES;
				GCC_WARN_ABOUT_RETURN_TYPE = YES_ERROR;
				GCC_WARN_UNDECLARED_SELECTOR = YES;
				GCC_WARN_UNINITIALIZED_AUTOS = YES_AGGRESSIVE;
				GCC_WARN_UNUSED_FUNCTION = YES;
				GCC_WARN_UNUSED_VARIABLE = YES;
				IPHONEOS_DEPLOYMENT_TARGET = 15.5;
				MTL_ENABLE_DEBUG_INFO = INCLUDE_SOURCE;
				MTL_FAST_MATH = YES;
				ONLY_ACTIVE_ARCH = YES;
				SDKROOT = iphoneos;
				SWIFT_ACTIVE_COMPILATION_CONDITIONS = DEBUG;
				SWIFT_OPTIMIZATION_LEVEL = "-Onone";
			};
			name = Debug;
		};
		23271DA928999ED7003A3266 /* Release */ = {
			isa = XCBuildConfiguration;
			buildSettings = {
				ALWAYS_SEARCH_USER_PATHS = NO;
				CLANG_ANALYZER_NONNULL = YES;
				CLANG_ANALYZER_NUMBER_OBJECT_CONVERSION = YES_AGGRESSIVE;
				CLANG_CXX_LANGUAGE_STANDARD = "gnu++17";
				CLANG_ENABLE_MODULES = YES;
				CLANG_ENABLE_OBJC_ARC = YES;
				CLANG_ENABLE_OBJC_WEAK = YES;
				CLANG_WARN_BLOCK_CAPTURE_AUTORELEASING = YES;
				CLANG_WARN_BOOL_CONVERSION = YES;
				CLANG_WARN_COMMA = YES;
				CLANG_WARN_CONSTANT_CONVERSION = YES;
				CLANG_WARN_DEPRECATED_OBJC_IMPLEMENTATIONS = YES;
				CLANG_WARN_DIRECT_OBJC_ISA_USAGE = YES_ERROR;
				CLANG_WARN_DOCUMENTATION_COMMENTS = YES;
				CLANG_WARN_EMPTY_BODY = YES;
				CLANG_WARN_ENUM_CONVERSION = YES;
				CLANG_WARN_INFINITE_RECURSION = YES;
				CLANG_WARN_INT_CONVERSION = YES;
				CLANG_WARN_NON_LITERAL_NULL_CONVERSION = YES;
				CLANG_WARN_OBJC_IMPLICIT_RETAIN_SELF = YES;
				CLANG_WARN_OBJC_LITERAL_CONVERSION = YES;
				CLANG_WARN_OBJC_ROOT_CLASS = YES_ERROR;
				CLANG_WARN_QUOTED_INCLUDE_IN_FRAMEWORK_HEADER = YES;
				CLANG_WARN_RANGE_LOOP_ANALYSIS = YES;
				CLANG_WARN_STRICT_PROTOTYPES = YES;
				CLANG_WARN_SUSPICIOUS_MOVE = YES;
				CLANG_WARN_UNGUARDED_AVAILABILITY = YES_AGGRESSIVE;
				CLANG_WARN_UNREACHABLE_CODE = YES;
				CLANG_WARN__DUPLICATE_METHOD_MATCH = YES;
				COPY_PHASE_STRIP = NO;
				DEBUG_INFORMATION_FORMAT = "dwarf-with-dsym";
				ENABLE_NS_ASSERTIONS = NO;
				ENABLE_STRICT_OBJC_MSGSEND = YES;
				GCC_C_LANGUAGE_STANDARD = gnu11;
				GCC_NO_COMMON_BLOCKS = YES;
				GCC_WARN_64_TO_32_BIT_CONVERSION = YES;
				GCC_WARN_ABOUT_RETURN_TYPE = YES_ERROR;
				GCC_WARN_UNDECLARED_SELECTOR = YES;
				GCC_WARN_UNINITIALIZED_AUTOS = YES_AGGRESSIVE;
				GCC_WARN_UNUSED_FUNCTION = YES;
				GCC_WARN_UNUSED_VARIABLE = YES;
				IPHONEOS_DEPLOYMENT_TARGET = 15.5;
				MTL_ENABLE_DEBUG_INFO = NO;
				MTL_FAST_MATH = YES;
				SDKROOT = iphoneos;
				SWIFT_COMPILATION_MODE = wholemodule;
				SWIFT_OPTIMIZATION_LEVEL = "-O";
				VALIDATE_PRODUCT = YES;
			};
			name = Release;
		};
		23271DAB28999ED7003A3266 /* Debug */ = {
			isa = XCBuildConfiguration;
			buildSettings = {
				ASSETCATALOG_COMPILER_APPICON_NAME = AppIcon;
				ASSETCATALOG_COMPILER_GLOBAL_ACCENT_COLOR_NAME = AccentColor;
				CODE_SIGN_STYLE = Automatic;
				CURRENT_PROJECT_VERSION = 1;
				DEVELOPMENT_ASSET_PATHS = "\"MakeNoise/Preview Content\"";
				ENABLE_PREVIEWS = YES;
				GENERATE_INFOPLIST_FILE = YES;
				INFOPLIST_KEY_UIApplicationSceneManifest_Generation = YES;
				INFOPLIST_KEY_UIApplicationSupportsIndirectInputEvents = YES;
				INFOPLIST_KEY_UILaunchScreen_Generation = YES;
				INFOPLIST_KEY_UISupportedInterfaceOrientations_iPad = "UIInterfaceOrientationPortrait UIInterfaceOrientationPortraitUpsideDown UIInterfaceOrientationLandscapeLeft UIInterfaceOrientationLandscapeRight";
				INFOPLIST_KEY_UISupportedInterfaceOrientations_iPhone = "UIInterfaceOrientationPortrait UIInterfaceOrientationLandscapeLeft UIInterfaceOrientationLandscapeRight";
				LD_RUNPATH_SEARCH_PATHS = (
					"$(inherited)",
					"@executable_path/Frameworks",
				);
				MARKETING_VERSION = 1.0;
				PRODUCT_BUNDLE_IDENTIFIER = KremnevViacheslav.MakeNoise;
				PRODUCT_NAME = "$(TARGET_NAME)";
				SWIFT_EMIT_LOC_STRINGS = YES;
				SWIFT_VERSION = 5.0;
				TARGETED_DEVICE_FAMILY = "1,2";
			};
			name = Debug;
		};
		23271DAC28999ED7003A3266 /* Release */ = {
			isa = XCBuildConfiguration;
			buildSettings = {
				ASSETCATALOG_COMPILER_APPICON_NAME = AppIcon;
				ASSETCATALOG_COMPILER_GLOBAL_ACCENT_COLOR_NAME = AccentColor;
				CODE_SIGN_STYLE = Automatic;
				CURRENT_PROJECT_VERSION = 1;
				DEVELOPMENT_ASSET_PATHS = "\"MakeNoise/Preview Content\"";
				ENABLE_PREVIEWS = YES;
				GENERATE_INFOPLIST_FILE = YES;
				INFOPLIST_KEY_UIApplicationSceneManifest_Generation = YES;
				INFOPLIST_KEY_UIApplicationSupportsIndirectInputEvents = YES;
				INFOPLIST_KEY_UILaunchScreen_Generation = YES;
				INFOPLIST_KEY_UISupportedInterfaceOrientations_iPad = "UIInterfaceOrientationPortrait UIInterfaceOrientationPortraitUpsideDown UIInterfaceOrientationLandscapeLeft UIInterfaceOrientationLandscapeRight";
				INFOPLIST_KEY_UISupportedInterfaceOrientations_iPhone = "UIInterfaceOrientationPortrait UIInterfaceOrientationLandscapeLeft UIInterfaceOrientationLandscapeRight";
				LD_RUNPATH_SEARCH_PATHS = (
					"$(inherited)",
					"@executable_path/Frameworks",
				);
				MARKETING_VERSION = 1.0;
				PRODUCT_BUNDLE_IDENTIFIER = KremnevViacheslav.MakeNoise;
				PRODUCT_NAME = "$(TARGET_NAME)";
				SWIFT_EMIT_LOC_STRINGS = YES;
				SWIFT_VERSION = 5.0;
				TARGETED_DEVICE_FAMILY = "1,2";
			};
			name = Release;
		};
/* End XCBuildConfiguration section */

/* Begin XCConfigurationList section */
		23271D9728999ED0003A3266 /* Build configuration list for PBXProject "MakeNoise" */ = {
			isa = XCConfigurationList;
			buildConfigurations = (
				23271DA828999ED7003A3266 /* Debug */,
				23271DA928999ED7003A3266 /* Release */,
			);
			defaultConfigurationIsVisible = 0;
			defaultConfigurationName = Release;
		};
		23271DAA28999ED7003A3266 /* Build configuration list for PBXNativeTarget "MakeNoise" */ = {
			isa = XCConfigurationList;
			buildConfigurations = (
				23271DAB28999ED7003A3266 /* Debug */,
				23271DAC28999ED7003A3266 /* Release */,
			);
			defaultConfigurationIsVisible = 0;
			defaultConfigurationName = Release;
		};
/* End XCConfigurationList section */
	};
	rootObject = 23271D9428999ED0003A3266 /* Project object */;
}
